Microsoft Visual Studio Solution File, Format Version 12.00
# Visual Studio Version 18
VisualStudioVersion = 18.3.11415.281
MinimumVisualStudioVersion = 10.0.40219.1
Project("{2150E333-8FDC-42A3-9474-1A3956D46DE8}") = "src", "src", "{42BD358E-CA8C-4B8D-AEC7-EF5395E8A1EC}"
EndProject
Project("{2150E333-8FDC-42A3-9474-1A3956D46DE8}") = "API", "API", "{DE4769CC-BC9D-4B76-B937-4A01456586C0}"
EndProject
Project("{2150E333-8FDC-42A3-9474-1A3956D46DE8}") = "Modules", "Modules", "{E5585624-CA30-4AAF-9D47-2DA0D180FAC9}"
EndProject
Project("{2150E333-8FDC-42A3-9474-1A3956D46DE8}") = "Events", "Events", "{238DC9B3-270E-473C-A34A-F43111DACF67}"
EndProject
Project("{FAE04EC0-301F-11D3-BF4B-00C04F79EFBC}") = "Evently.Api", "Evently.Api\Evently.Api.csproj", "{1418585E-04CA-469F-AA25-97DD37D1B219}"
EndProject
Project("{E53339B2-1760-4266-BCC7-CA923CBCF16C}") = "docker-compose", "docker-compose.dcproj", "{81DDED9D-158B-E303-5F62-77A2896D2A5A}"
EndProject
Project("{FAE04EC0-301F-11D3-BF4B-00C04F79EFBC}") = "Evently.Modules.Events.Domain", "Evently.Modules.Events.Domain\Evently.Modules.Events.Domain.csproj", "{EB53A254-C36E-4991-98A2-E0DA81923EBC}"
EndProject
Project("{FAE04EC0-301F-11D3-BF4B-00C04F79EFBC}") = "Evently.Modules.Events.Application", "Evently.Modules.Events.Application\Evently.Modules.Events.Application.csproj", "{6AC1F2A4-A3EA-4C6A-A32C-ABBDD4425D4D}"
EndProject
Project("{FAE04EC0-301F-11D3-BF4B-00C04F79EFBC}") = "Evently.Modules.Events.Infrastructure", "Evently.Modules.Events.Infrastructure\Evently.Modules.Events.Infrastructure.csproj", "{7A5A322B-7BD3-4629-85EC-040EB4120249}"
EndProject
Project("{FAE04EC0-301F-11D3-BF4B-00C04F79EFBC}") = "Evently.Modules.Events.Presentation", "Evently.Modules.Events.Presentation\Evently.Modules.Events.Presentation.csproj", "{14E8739E-31E9-4E61-BA91-E4BF92AF3269}"
EndProject
Project("{2150E333-8FDC-42A3-9474-1A3956D46DE8}") = "Common", "Common", "{C93B0D16-2E2B-419E-A4D7-5AAE5761BFB2}"
EndProject
Project("{FAE04EC0-301F-11D3-BF4B-00C04F79EFBC}") = "Evently.Common.Application", "Evently.Common.Application\Evently.Common.Application.csproj", "{858543CC-97C2-4F18-8A79-63EBD23F4972}"
EndProject
Project("{FAE04EC0-301F-11D3-BF4B-00C04F79EFBC}") = "Evently.Common.Domain", "Evently.Common.Domain\Evently.Common.Domain.csproj", "{AFD8F873-E294-41F6-B058-E97F6377CE0D}"
EndProject
Project("{FAE04EC0-301F-11D3-BF4B-00C04F79EFBC}") = "Evently.Common.Infrastructure", "Evently.Common.Infrastructure\Evently.Common.Infrastructure.csproj", "{3F0E5C5A-8B41-4DC7-8B57-3E37AFD1CD7A}"
EndProject
Global
	GlobalSection(SolutionConfigurationPlatforms) = preSolution
		Debug|Any CPU = Debug|Any CPU
		Release|Any CPU = Release|Any CPU
	EndGlobalSection
	GlobalSection(ProjectConfigurationPlatforms) = postSolution
		{1418585E-04CA-469F-AA25-97DD37D1B219}.Debug|Any CPU.ActiveCfg = Debug|Any CPU
		{1418585E-04CA-469F-AA25-97DD37D1B219}.Debug|Any CPU.Build.0 = Debug|Any CPU
		{1418585E-04CA-469F-AA25-97DD37D1B219}.Release|Any CPU.ActiveCfg = Release|Any CPU
		{1418585E-04CA-469F-AA25-97DD37D1B219}.Release|Any CPU.Build.0 = Release|Any CPU
		{81DDED9D-158B-E303-5F62-77A2896D2A5A}.Debug|Any CPU.ActiveCfg = Debug|Any CPU
		{81DDED9D-158B-E303-5F62-77A2896D2A5A}.Debug|Any CPU.Build.0 = Debug|Any CPU
		{81DDED9D-158B-E303-5F62-77A2896D2A5A}.Release|Any CPU.ActiveCfg = Release|Any CPU
		{81DDED9D-158B-E303-5F62-77A2896D2A5A}.Release|Any CPU.Build.0 = Release|Any CPU
		{EB53A254-C36E-4991-98A2-E0DA81923EBC}.Debug|Any CPU.ActiveCfg = Debug|Any CPU
		{EB53A254-C36E-4991-98A2-E0DA81923EBC}.Debug|Any CPU.Build.0 = Debug|Any CPU
		{EB53A254-C36E-4991-98A2-E0DA81923EBC}.Release|Any CPU.ActiveCfg = Release|Any CPU
		{EB53A254-C36E-4991-98A2-E0DA81923EBC}.Release|Any CPU.Build.0 = Release|Any CPU
		{6AC1F2A4-A3EA-4C6A-A32C-ABBDD4425D4D}.Debug|Any CPU.ActiveCfg = Debug|Any CPU
		{6AC1F2A4-A3EA-4C6A-A32C-ABBDD4425D4D}.Debug|Any CPU.Build.0 = Debug|Any CPU
		{6AC1F2A4-A3EA-4C6A-A32C-ABBDD4425D4D}.Release|Any CPU.ActiveCfg = Release|Any CPU
		{6AC1F2A4-A3EA-4C6A-A32C-ABBDD4425D4D}.Release|Any CPU.Build.0 = Release|Any CPU
		{7A5A322B-7BD3-4629-85EC-040EB4120249}.Debug|Any CPU.ActiveCfg = Debug|Any CPU
		{7A5A322B-7BD3-4629-85EC-040EB4120249}.Debug|Any CPU.Build.0 = Debug|Any CPU
		{7A5A322B-7BD3-4629-85EC-040EB4120249}.Release|Any CPU.ActiveCfg = Release|Any CPU
		{7A5A322B-7BD3-4629-85EC-040EB4120249}.Release|Any CPU.Build.0 = Release|Any CPU
		{14E8739E-31E9-4E61-BA91-E4BF92AF3269}.Debug|Any CPU.ActiveCfg = Debug|Any CPU
		{14E8739E-31E9-4E61-BA91-E4BF92AF3269}.Debug|Any CPU.Build.0 = Debug|Any CPU
		{14E8739E-31E9-4E61-BA91-E4BF92AF3269}.Release|Any CPU.ActiveCfg = Release|Any CPU
		{14E8739E-31E9-4E61-BA91-E4BF92AF3269}.Release|Any CPU.Build.0 = Release|Any CPU
		{858543CC-97C2-4F18-8A79-63EBD23F4972}.Debug|Any CPU.ActiveCfg = Debug|Any CPU
		{858543CC-97C2-4F18-8A79-63EBD23F4972}.Debug|Any CPU.Build.0 = Debug|Any CPU
		{858543CC-97C2-4F18-8A79-63EBD23F4972}.Release|Any CPU.ActiveCfg = Release|Any CPU
		{858543CC-97C2-4F18-8A79-63EBD23F4972}.Release|Any CPU.Build.0 = Release|Any CPU
		{AFD8F873-E294-41F6-B058-E97F6377CE0D}.Debug|Any CPU.ActiveCfg = Debug|Any CPU
		{AFD8F873-E294-41F6-B058-E97F6377CE0D}.Debug|Any CPU.Build.0 = Debug|Any CPU
		{AFD8F873-E294-41F6-B058-E97F6377CE0D}.Release|Any CPU.ActiveCfg = Release|Any CPU
		{AFD8F873-E294-41F6-B058-E97F6377CE0D}.Release|Any CPU.Build.0 = Release|Any CPU
		{3F0E5C5A-8B41-4DC7-8B57-3E37AFD1CD7A}.Debug|Any CPU.ActiveCfg = Debug|Any CPU
		{3F0E5C5A-8B41-4DC7-8B57-3E37AFD1CD7A}.Debug|Any CPU.Build.0 = Debug|Any CPU
		{3F0E5C5A-8B41-4DC7-8B57-3E37AFD1CD7A}.Release|Any CPU.ActiveCfg = Release|Any CPU
		{3F0E5C5A-8B41-4DC7-8B57-3E37AFD1CD7A}.Release|Any CPU.Build.0 = Release|Any CPU
	EndGlobalSection
	GlobalSection(SolutionProperties) = preSolution
		HideSolutionNode = FALSE
	EndGlobalSection
	GlobalSection(NestedProjects) = preSolution
		{DE4769CC-BC9D-4B76-B937-4A01456586C0} = {42BD358E-CA8C-4B8D-AEC7-EF5395E8A1EC}
		{E5585624-CA30-4AAF-9D47-2DA0D180FAC9} = {42BD358E-CA8C-4B8D-AEC7-EF5395E8A1EC}
		{238DC9B3-270E-473C-A34A-F43111DACF67} = {E5585624-CA30-4AAF-9D47-2DA0D180FAC9}
		{1418585E-04CA-469F-AA25-97DD37D1B219} = {DE4769CC-BC9D-4B76-B937-4A01456586C0}
		{EB53A254-C36E-4991-98A2-E0DA81923EBC} = {238DC9B3-270E-473C-A34A-F43111DACF67}
		{6AC1F2A4-A3EA-4C6A-A32C-ABBDD4425D4D} = {238DC9B3-270E-473C-A34A-F43111DACF67}
		{7A5A322B-7BD3-4629-85EC-040EB4120249} = {238DC9B3-270E-473C-A34A-F43111DACF67}
		{14E8739E-31E9-4E61-BA91-E4BF92AF3269} = {238DC9B3-270E-473C-A34A-F43111DACF67}
		{C93B0D16-2E2B-419E-A4D7-5AAE5761BFB2} = {42BD358E-CA8C-4B8D-AEC7-EF5395E8A1EC}
		{858543CC-97C2-4F18-8A79-63EBD23F4972} = {C93B0D16-2E2B-419E-A4D7-5AAE5761BFB2}
		{AFD8F873-E294-41F6-B058-E97F6377CE0D} = {C93B0D16-2E2B-419E-A4D7-5AAE5761BFB2}
		{3F0E5C5A-8B41-4DC7-8B57-3E37AFD1CD7A} = {C93B0D16-2E2B-419E-A4D7-5AAE5761BFB2}
	EndGlobalSection
	GlobalSection(ExtensibilityGlobals) = postSolution
		SolutionGuid = {1E42AE86-7F3C-45F4-A386-AB71CC4446CB}
	EndGlobalSection
EndGlobal
